
Microsoft Visual Studio Solution File, Format Version 12.00
Project("{FAE04EC0-301F-11D3-BF4B-00C04F79EFBC}") = "MarsRover.Solution", "MarsRover.Solution\MarsRover.Solution.csproj", "{36836DC2-58E8-4034-B557-0596CB1EB2CF}"
EndProject
Project("{FAE04EC0-301F-11D3-BF4B-00C04F79EFBC}") = "MarsRover.Tests", "MarsRover.Tests\MarsRover.Tests.csproj", "{41BCF768-3FF3-4DE9-8F5A-F46808870370}"
EndProject
Project("{FAE04EC0-301F-11D3-BF4B-00C04F79EFBC}") = "MarsRover.ApiTests", "MarsRover.ApiTests\MarsRover.ApiTests.csproj", "{8FDC9465-3ECA-409F-A1BD-DF60C3EC482F}"
EndProject
Global
	GlobalSection(SolutionConfigurationPlatforms) = preSolution
		Debug|Any CPU = Debug|Any CPU
		Debug|x64 = Debug|x64
		Debug|x86 = Debug|x86
		Release|Any CPU = Release|Any CPU
		Release|x64 = Release|x64
		Release|x86 = Release|x86
	EndGlobalSection
	GlobalSection(ProjectConfigurationPlatforms) = postSolution
		{36836DC2-58E8-4034-B557-0596CB1EB2CF}.Debug|Any CPU.ActiveCfg = Debug|Any CPU
		{36836DC2-58E8-4034-B557-0596CB1EB2CF}.Debug|Any CPU.Build.0 = Debug|Any CPU
		{36836DC2-58E8-4034-B557-0596CB1EB2CF}.Debug|x64.ActiveCfg = Debug|Any CPU
		{36836DC2-58E8-4034-B557-0596CB1EB2CF}.Debug|x64.Build.0 = Debug|Any CPU
		{36836DC2-58E8-4034-B557-0596CB1EB2CF}.Debug|x86.ActiveCfg = Debug|Any CPU
		{36836DC2-58E8-4034-B557-0596CB1EB2CF}.Debug|x86.Build.0 = Debug|Any CPU
		{36836DC2-58E8-4034-B557-0596CB1EB2CF}.Release|Any CPU.ActiveCfg = Release|Any CPU
		{36836DC2-58E8-4034-B557-0596CB1EB2CF}.Release|Any CPU.Build.0 = Release|Any CPU
		{36836DC2-58E8-4034-B557-0596CB1EB2CF}.Release|x64.ActiveCfg = Release|Any CPU
		{36836DC2-58E8-4034-B557-0596CB1EB2CF}.Release|x64.Build.0 = Release|Any CPU
		{36836DC2-58E8-4034-B557-0596CB1EB2CF}.Release|x86.ActiveCfg = Release|Any CPU
		{36836DC2-58E8-4034-B557-0596CB1EB2CF}.Release|x86.Build.0 = Release|Any CPU
		{41BCF768-3FF3-4DE9-8F5A-F46808870370}.Debug|Any CPU.ActiveCfg = Debug|Any CPU
		{41BCF768-3FF3-4DE9-8F5A-F46808870370}.Debug|Any CPU.Build.0 = Debug|Any CPU
		{41BCF768-3FF3-4DE9-8F5A-F46808870370}.Debug|x64.ActiveCfg = Debug|Any CPU
		{41BCF768-3FF3-4DE9-8F5A-F46808870370}.Debug|x64.Build.0 = Debug|Any CPU
		{41BCF768-3FF3-4DE9-8F5A-F46808870370}.Debug|x86.ActiveCfg = Debug|Any CPU
		{41BCF768-3FF3-4DE9-8F5A-F46808870370}.Debug|x86.Build.0 = Debug|Any CPU
		{41BCF768-3FF3-4DE9-8F5A-F46808870370}.Release|Any CPU.ActiveCfg = Release|Any CPU
		{41BCF768-3FF3-4DE9-8F5A-F46808870370}.Release|Any CPU.Build.0 = Release|Any CPU
		{41BCF768-3FF3-4DE9-8F5A-F46808870370}.Release|x64.ActiveCfg = Release|Any CPU
		{41BCF768-3FF3-4DE9-8F5A-F46808870370}.Release|x64.Build.0 = Release|Any CPU
		{41BCF768-3FF3-4DE9-8F5A-F46808870370}.Release|x86.ActiveCfg = Release|Any CPU
		{41BCF768-3FF3-4DE9-8F5A-F46808870370}.Release|x86.Build.0 = Release|Any CPU
		{8FDC9465-3ECA-409F-A1BD-DF60C3EC482F}.Debug|Any CPU.ActiveCfg = Debug|Any CPU
		{8FDC9465-3ECA-409F-A1BD-DF60C3EC482F}.Debug|Any CPU.Build.0 = Debug|Any CPU
		{8FDC9465-3ECA-409F-A1BD-DF60C3EC482F}.Debug|x64.ActiveCfg = Debug|Any CPU
		{8FDC9465-3ECA-409F-A1BD-DF60C3EC482F}.Debug|x64.Build.0 = Debug|Any CPU
		{8FDC9465-3ECA-409F-A1BD-DF60C3EC482F}.Debug|x86.ActiveCfg = Debug|Any CPU
		{8FDC9465-3ECA-409F-A1BD-DF60C3EC482F}.Debug|x86.Build.0 = Debug|Any CPU
		{8FDC9465-3ECA-409F-A1BD-DF60C3EC482F}.Release|Any CPU.ActiveCfg = Release|Any CPU
		{8FDC9465-3ECA-409F-A1BD-DF60C3EC482F}.Release|Any CPU.Build.0 = Release|Any CPU
		{8FDC9465-3ECA-409F-A1BD-DF60C3EC482F}.Release|x64.ActiveCfg = Release|Any CPU
		{8FDC9465-3ECA-409F-A1BD-DF60C3EC482F}.Release|x64.Build.0 = Release|Any CPU
		{8FDC9465-3ECA-409F-A1BD-DF60C3EC482F}.Release|x86.ActiveCfg = Release|Any CPU
		{8FDC9465-3ECA-409F-A1BD-DF60C3EC482F}.Release|x86.Build.0 = Release|Any CPU
	EndGlobalSection
	GlobalSection(SolutionProperties) = preSolution
		HideSolutionNode = FALSE
	EndGlobalSection
EndGlobal
